github.com/go-sql-driver/mysql v1.7.1 h1:lUIinVbN1DY0xBg0eMOzmmtGoHwWBbvnWubQUrtU8EI=
github.com/go-sql-driver/mysql v1.7.1/go.mod h1:OXbVy3sEdcQ2Doequ6Z5BW6fXNQTmx+9S1MCJN5yJMI=
github.com/google/uuid v1.3.0 h1:t6JiXgmwXMjEs8VusXIJk2BXHsn+wx8BZdTaoZ5fu7I=
github.com/google/uuid v1.3.0/go.mod h1:TIyPZe4MgqvfeYDBFedMoGGpEw/LqOeaOT+nhxU+yHo=
github.com/ipthomas/tukcnst v1.3.11 h1:2QDnaCWWxk11CrQ6bvuacAUPsWsUIjAEmMatqOfjFzw=
github.com/ipthomas/tukcnst v1.3.11/go.mod h1:ciOdJbw8hryjilsWjN0vhtF3ZbSfEKUd7wfzU0IZ2X8=
github.com/ipthomas/tukdbint v1.3.57 h1:RYvfMf4o3vxulvguukZwRrKfDls4KsVHpESkX3JzxnA=
github.com/ipthomas/tukdbint v1.3.57/go.mod h1:eLCGw11AXf2dWBslHp8pZRATKzyLTiu212H1MdBQjdk=
github.com/ipthomas/tukdbint v1.3.58 h1:zOvXLtfI2SvjW8KwAM/5xTx5eTuLwKHClc6WPdtjkM0=
github.com/ipthomas/tukdbint v1.3.58/go.mod h1:eLCGw11AXf2dWBslHp8pZRATKzyLTiu212H1MdBQjdk=
github.com/ipthomas/tukdbint v1.3.61 h1:4cFQ2tCEy585KreIBuls32AGWzlpuUdzEy1yUi+7hK4=
github.com/ipthomas/tukdbint v1.3.61/go.mod h1:eLCGw11AXf2dWBslHp8pZRATKzyLTiu212H1MdBQjdk=
github.com/ipthomas/tukdbint v1.3.62 h1:2vxb4WcTyBglzzey6I1LhdjJpsLc5urbAh2b01XHqAc=
github.com/ipthomas/tukdbint v1.3.62/go.mod h1:z4M3JTHxTEFMPIoxatffpPeGtSmqhNX/rM91Smr/ea0=
github.com/ipthomas/tukdbint v1.3.63 h1:YWK5MGKUZTeDsg40N3NYA519rbMN8WWIM5IgITCcIPU=
github.com/ipthomas/tukdbint v1.3.63/go.mod h1:kW6DVSNSkM2tR5EGhndJb2kciJSQYOu/+a0GmgT41+s=
github.com/ipthomas/tukhttp v1.3.18 h1:fcXd1kXGC2btFbwlffPrqqdx8jIBYwERDj1JNkhQSts=
github.com/ipthomas/tukhttp v1.3.18/go.mod h1:LQUUjwleozOeXz5bI8+oYRNyH772gj+OXoaGs0dyE0Q=
github.com/ipthomas/tukhttp v1.3.19 h1:jK9L2XXAIUy7uUMWFaU8j6WqiTtfKfChheodxTscQGQ=
github.com/ipthomas/tukhttp v1.3.19/go.mod h1:LQUUjwleozOeXz5bI8+oYRNyH772gj+OXoaGs0dyE0Q=
github.com/ipthomas/tukhttp v1.3.20 h1:R9A7fO7dzzK2EQkl6nOw+NDPGp1Cm/VEV3eB7y/IxyI=
github.com/ipthomas/tukhttp v1.3.20/go.mod h1:LQUUjwleozOeXz5bI8+oYRNyH772gj+OXoaGs0dyE0Q=
github.com/ipthomas/tukpdq v1.3.16 h1:fEPDdBTCBOrG5YHekop6FlRU2Zk2F+shuJ7Bs4VGVYk=
github.com/ipthomas/tukpdq v1.3.16/go.mod h1:vjUS2G36oIMb5CyaN8Tze99TtjYcWV8JZ4EMXdbp0uY=
github.com/ipthomas/tukpdq v1.3.17 h1:1WKRRb7vdBXeijnqWoddNAILlMjHR+VyqXu77uQvYVg=
github.com/ipthomas/tukpdq v1.3.17/go.mod h1:eLLbDg7SZRrHBemWMfhY9e2PAO7F9jYBz7RdOZe9wD8=
github.com/ipthomas/tukpdq v1.3.18 h1:iolAmjlLz5dXqtcf5cx//MhD7ksdvsEEwAXOr58Lqi4=
github.com/ipthomas/tukpdq v1.3.18/go.mod h1:Coudvtgd1NewLurK4HyisFTXKcWB07D9n5cmBtgM+6w=
github.com/ipthomas/tukpdq v1.3.19 h1:eAxMZT82MpiQLVTmP7rFCHyQWAIXBt8ROdqbhmYhHVk=
github.com/ipthomas/tukpdq v1.3.19/go.mod h1:kjn92F2ReDZMIjr4G8YJoEvDBXZHh4gJk8MXPqBA6ZM=
github.com/ipthomas/tukutil v1.3.12 h1:xAc9ZTkNxesJBLa9BhfcH3kDuYIFVJdsqLXgJXqTc64=
github.com/ipthomas/tukutil v1.3.12/go.mod h1:Fkq7opgHHFl3B9pU8aA+wnjiWdk5+6yulLb2sU4h8OA=
