github.com/go-sql-driver/mysql v1.6.0 h1:BCTh4TKNUYmOmMUcQ3IipzF5prigylS7XXjEkfCHuOE=
github.com/go-sql-driver/mysql v1.6.0/go.mod h1:DCzpHaOWr8IXmIStZouvnhqoel9Qv2LBy8hT2VhHyBg=
github.com/google/uuid v1.3.0 h1:t6JiXgmwXMjEs8VusXIJk2BXHsn+wx8BZdTaoZ5fu7I=
github.com/google/uuid v1.3.0/go.mod h1:TIyPZe4MgqvfeYDBFedMoGGpEw/LqOeaOT+nhxU+yHo=
github.com/ipthomas/tukcnst v1.3.2 h1:dKcHANwgKttE1sSHuGDuRcZdFEJ+7jx9MJd/88aPh20=
github.com/ipthomas/tukcnst v1.3.2/go.mod h1:ciOdJbw8hryjilsWjN0vhtF3ZbSfEKUd7wfzU0IZ2X8=
github.com/ipthomas/tukdbint v1.3.2 h1:wNR0dlX17uTictv+1EgFBo8oMmfwEmQXviZNQsQvEZo=
github.com/ipthomas/tukdbint v1.3.2/go.mod h1:2+foj67PqyLSPUr7Evc1PEspq5sBUKWn1HerD/gMgSk=
github.com/ipthomas/tukhttp v1.3.2 h1:WSiIe9WQ/hnt/y7/RKjDcaH+HBwdar+Eb8x4mDky/tY=
github.com/ipthomas/tukhttp v1.3.2/go.mod h1:5pU8VtvgFJuuSZCbaxOdqLhDFTpKzdtZ6hWzN0CwDPU=
github.com/ipthomas/tukpdq v1.3.2 h1:vKFJllHaBPyJTmRpfmey0TE8RzDsqd74dr1yXrELEDg=
github.com/ipthomas/tukpdq v1.3.2/go.mod h1:d43FB2VYOrxXJBVcnWUVe/9fbYBX43p/93TkHMXahwI=
github.com/ipthomas/tukutil v1.3.2 h1:s/lUybLoFDWguq0sAl//uF77Zfk8G+siFYKArG2V2wk=
github.com/ipthomas/tukutil v1.3.2/go.mod h1:209PlHN55ZDIu5b+qbueJAfPr/COBanhJ0/TCbCqw0g=
