github.com/go-sql-driver/mysql v1.6.0 h1:BCTh4TKNUYmOmMUcQ3IipzF5prigylS7XXjEkfCHuOE=
github.com/go-sql-driver/mysql v1.6.0/go.mod h1:DCzpHaOWr8IXmIStZouvnhqoel9Qv2LBy8hT2VhHyBg=
github.com/google/uuid v1.3.0 h1:t6JiXgmwXMjEs8VusXIJk2BXHsn+wx8BZdTaoZ5fu7I=
github.com/google/uuid v1.3.0/go.mod h1:TIyPZe4MgqvfeYDBFedMoGGpEw/LqOeaOT+nhxU+yHo=
github.com/ipthomas/tukcnst v1.2.0 h1:UbB/VWtf0WUaR7eIxwvtHOxMLuXsc5bL+VAc7AuAoKg=
github.com/ipthomas/tukcnst v1.2.0/go.mod h1:ciOdJbw8hryjilsWjN0vhtF3ZbSfEKUd7wfzU0IZ2X8=
github.com/ipthomas/tukcnst v1.2.3 h1:WzM1ykeu22LbXkEV3umQD3T0NEeAdQPFZLc51T/vaDk=
github.com/ipthomas/tukcnst v1.2.3/go.mod h1:ciOdJbw8hryjilsWjN0vhtF3ZbSfEKUd7wfzU0IZ2X8=
github.com/ipthomas/tukdbint v1.2.1 h1:Vl7J3twahXWA+Ln2uL0wwBjHzFWR2PRfIY4+P3z88lc=
github.com/ipthomas/tukdbint v1.2.1/go.mod h1:+e8ahuIe8abDfhKRzXoNjLNh4RbR6D+sVKW4knPfQQ0=
github.com/ipthomas/tukdbint v1.2.2 h1:5bK41ZHtLfB9Q2sPPU1yBSByrvn2sMaXtMQzT728PP4=
github.com/ipthomas/tukdbint v1.2.2/go.mod h1:BWpuZNmlnKGMQE7ccQZbZ6gobA1rNmVEE3iAnc9iMzw=
github.com/ipthomas/tukhttp v1.2.0 h1:SFk0aBwyuviVbfSEkdFw+Oo5iptNkeQL1GwiEFg0Xk8=
github.com/ipthomas/tukhttp v1.2.0/go.mod h1:9CzuoDPNOgX2drvm6wzz9mH/zqfwQqUCOPPMWIsC4cM=
github.com/ipthomas/tukhttp v1.2.1 h1:zxakz9tXgL+KpMvt73eNP1iQXiwX7tpieEV3oW7WsUI=
github.com/ipthomas/tukhttp v1.2.1/go.mod h1:PeeeykHGWDjK3NmagnIMe4WJn8mBeiKp6zt8s1GdRUk=
github.com/ipthomas/tukpdq v1.2.1 h1:tMQKG8K3b6KbHgfLA5Mra7v2INGvwN0M9Hk78Rg2s8s=
github.com/ipthomas/tukpdq v1.2.1/go.mod h1:dP6Ocynpk19PsWxJ6yu2CiPBVv/V/8XSZEmUPXBGLi4=
github.com/ipthomas/tukpdq v1.2.2 h1:X215CeGl5Y+CGIUSHfvJPlHE+bvNYYVIxvNsJELB2R0=
github.com/ipthomas/tukpdq v1.2.2/go.mod h1:VdX2/ZlMVmV1O7cvDEerR3Vqwu6B+O6SCKB2fVVvIPs=
github.com/ipthomas/tukpdq v1.2.3 h1:yuMuYT6VvdfDWziJ0ReBYF39QOemAL1Ujts3IHNW1t0=
github.com/ipthomas/tukpdq v1.2.3/go.mod h1:rz+PFxISHu8uQ2gczcQO0eA9EmoNVRYMQ1pZWxFUQCA=
github.com/ipthomas/tukutil v1.2.0 h1:7kUYjFNmiQYlDxsZtF1+hhKElhCWQJummrIsZ8kGDSo=
github.com/ipthomas/tukutil v1.2.0/go.mod h1:H+FbY5DrujILNrAUlXjC2eoKAzpQV+0GoOhTsQqFex8=
github.com/ipthomas/tukutil v1.2.1 h1:JCjUgNKLQkOPdRAZC7G5on0ZowHXbYHT2oZNMeseAr4=
github.com/ipthomas/tukutil v1.2.1/go.mod h1:S9zeORy7wGJKgebnD0wW9rOxwhAolHe2LPIykW1fqUg=
